// !$*UTF8*$!
{
	archiveVersion = 1;
	classes = {
	};
	objectVersion = 55;
	objects = {

/* Begin PBXBuildFile section */
		B60E83BA27F9E499008C9A4A /* AppDelegate.swift in Sources */ = {isa = PBXBuildFile; fileRef = B60E83B927F9E499008C9A4A /* AppDelegate.swift */; };
		B60E83BC27F9E499008C9A4A /* SceneDelegate.swift in Sources */ = {isa = PBXBuildFile; fileRef = B60E83BB27F9E499008C9A4A /* SceneDelegate.swift */; };
		B60E83C127F9E499008C9A4A /* Main.storyboard in Resources */ = {isa = PBXBuildFile; fileRef = B60E83BF27F9E499008C9A4A /* Main.storyboard */; };
		B60E83C327F9E49A008C9A4A /* Assets.xcassets in Resources */ = {isa = PBXBuildFile; fileRef = B60E83C227F9E49A008C9A4A /* Assets.xcassets */; };
		B60E83C627F9E49A008C9A4A /* LaunchScreen.storyboard in Resources */ = {isa = PBXBuildFile; fileRef = B60E83C427F9E49A008C9A4A /* LaunchScreen.storyboard */; };
		B60E83D327F9E682008C9A4A /* FSCalendar in Frameworks */ = {isa = PBXBuildFile; productRef = B60E83D227F9E682008C9A4A /* FSCalendar */; };
		B60E83DE27F9EEC4008C9A4A /* CreateTask.storyboard in Resources */ = {isa = PBXBuildFile; fileRef = B60E83DD27F9EEC4008C9A4A /* CreateTask.storyboard */; };
		B60E83E027FA46B4008C9A4A /* InitialViewController.swift in Sources */ = {isa = PBXBuildFile; fileRef = B60E83DF27FA46B4008C9A4A /* InitialViewController.swift */; };
		B60E83E227FA46E6008C9A4A /* ListTaskViewController.swift in Sources */ = {isa = PBXBuildFile; fileRef = B60E83E127FA46E6008C9A4A /* ListTaskViewController.swift */; };
		B60E83E427FA474C008C9A4A /* EditListTableController.swift in Sources */ = {isa = PBXBuildFile; fileRef = B60E83E327FA474C008C9A4A /* EditListTableController.swift */; };
		B60E83E827FA4C52008C9A4A /* ClearTableViewCell.swift in Sources */ = {isa = PBXBuildFile; fileRef = B60E83E627FA4C52008C9A4A /* ClearTableViewCell.swift */; };
		B60E83E927FA4C52008C9A4A /* ClearTableViewCell.xib in Resources */ = {isa = PBXBuildFile; fileRef = B60E83E727FA4C52008C9A4A /* ClearTableViewCell.xib */; };
		B60E83EB27FA5072008C9A4A /* TaskTableCell.swift in Sources */ = {isa = PBXBuildFile; fileRef = B60E83EA27FA5072008C9A4A /* TaskTableCell.swift */; };
		B60E83EE27FA54A7008C9A4A /* TimePicker.storyboard in Resources */ = {isa = PBXBuildFile; fileRef = B60E83ED27FA54A7008C9A4A /* TimePicker.storyboard */; };
		B60E83F027FA54C8008C9A4A /* TimePickerController.swift in Sources */ = {isa = PBXBuildFile; fileRef = B60E83EF27FA54C8008C9A4A /* TimePickerController.swift */; };
		B60E83F327FA5EEF008C9A4A /* Date.swift in Sources */ = {isa = PBXBuildFile; fileRef = B60E83F227FA5EEF008C9A4A /* Date.swift */; };
		B66B243B27FB19A400777889 /* Task.swift in Sources */ = {isa = PBXBuildFile; fileRef = B66B243A27FB19A400777889 /* Task.swift */; };
		B66B243E27FB1BB000777889 /* TaskDefaultHelper.swift in Sources */ = {isa = PBXBuildFile; fileRef = B66B243D27FB1BB000777889 /* TaskDefaultHelper.swift */; };
/* End PBXBuildFile section */

/* Begin PBXFileReference section */
		B60E83B627F9E499008C9A4A /* Projeto-ToDoList.app */ = {isa = PBXFileReference; explicitFileType = wrapper.application; includeInIndex = 0; path = "Projeto-ToDoList.app"; sourceTree = BUILT_PRODUCTS_DIR; };
		B60E83B927F9E499008C9A4A /* AppDelegate.swift */ = {isa = PBXFileReference; lastKnownFileType = sourcecode.swift; path = AppDelegate.swift; sourceTree = "<group>"; };
		B60E83BB27F9E499008C9A4A /* SceneDelegate.swift */ = {isa = PBXFileReference; lastKnownFileType = sourcecode.swift; path = SceneDelegate.swift; sourceTree = "<group>"; };
		B60E83C027F9E499008C9A4A /* Base */ = {isa = PBXFileReference; lastKnownFileType = file.storyboard; name = Base; path = Base.lproj/Main.storyboard; sourceTree = "<group>"; };
		B60E83C227F9E49A008C9A4A /* Assets.xcassets */ = {isa = PBXFileReference; lastKnownFileType = folder.assetcatalog; path = Assets.xcassets; sourceTree = "<group>"; };
		B60E83C527F9E49A008C9A4A /* Base */ = {isa = PBXFileReference; lastKnownFileType = file.storyboard; name = Base; path = Base.lproj/LaunchScreen.storyboard; sourceTree = "<group>"; };
		B60E83C727F9E49A008C9A4A /* Info.plist */ = {isa = PBXFileReference; lastKnownFileType = text.plist.xml; path = Info.plist; sourceTree = "<group>"; };
		B60E83DD27F9EEC4008C9A4A /* CreateTask.storyboard */ = {isa = PBXFileReference; lastKnownFileType = file.storyboard; path = CreateTask.storyboard; sourceTree = "<group>"; };
		B60E83DF27FA46B4008C9A4A /* InitialViewController.swift */ = {isa = PBXFileReference; lastKnownFileType = sourcecode.swift; path = InitialViewController.swift; sourceTree = "<group>"; };
		B60E83E127FA46E6008C9A4A /* ListTaskViewController.swift */ = {isa = PBXFileReference; lastKnownFileType = sourcecode.swift; path = ListTaskViewController.swift; sourceTree = "<group>"; };
		B60E83E327FA474C008C9A4A /* EditListTableController.swift */ = {isa = PBXFileReference; lastKnownFileType = sourcecode.swift; path = EditListTableController.swift; sourceTree = "<group>"; };
		B60E83E627FA4C52008C9A4A /* ClearTableViewCell.swift */ = {isa = PBXFileReference; lastKnownFileType = sourcecode.swift; path = ClearTableViewCell.swift; sourceTree = "<group>"; };
		B60E83E727FA4C52008C9A4A /* ClearTableViewCell.xib */ = {isa = PBXFileReference; lastKnownFileType = file.xib; path = ClearTableViewCell.xib; sourceTree = "<group>"; };
		B60E83EA27FA5072008C9A4A /* TaskTableCell.swift */ = {isa = PBXFileReference; lastKnownFileType = sourcecode.swift; path = TaskTableCell.swift; sourceTree = "<group>"; };
		B60E83ED27FA54A7008C9A4A /* TimePicker.storyboard */ = {isa = PBXFileReference; lastKnownFileType = file.storyboard; path = TimePicker.storyboard; sourceTree = "<group>"; };
		B60E83EF27FA54C8008C9A4A /* TimePickerController.swift */ = {isa = PBXFileReference; lastKnownFileType = sourcecode.swift; path = TimePickerController.swift; sourceTree = "<group>"; };
		B60E83F227FA5EEF008C9A4A /* Date.swift */ = {isa = PBXFileReference; lastKnownFileType = sourcecode.swift; path = Date.swift; sourceTree = "<group>"; };
		B66B243A27FB19A400777889 /* Task.swift */ = {isa = PBXFileReference; lastKnownFileType = sourcecode.swift; path = Task.swift; sourceTree = "<group>"; };
		B66B243D27FB1BB000777889 /* TaskDefaultHelper.swift */ = {isa = PBXFileReference; lastKnownFileType = sourcecode.swift; path = TaskDefaultHelper.swift; sourceTree = "<group>"; };
/* End PBXFileReference section */

/* Begin PBXFrameworksBuildPhase section */
		B60E83B327F9E499008C9A4A /* Frameworks */ = {
			isa = PBXFrameworksBuildPhase;
			buildActionMask = 2147483647;
			files = (
				B60E83D327F9E682008C9A4A /* FSCalendar in Frameworks */,
			);
			runOnlyForDeploymentPostprocessing = 0;
		};
/* End PBXFrameworksBuildPhase section */

/* Begin PBXGroup section */
		B60E83AD27F9E499008C9A4A = {
			isa = PBXGroup;
			children = (
				B60E83B827F9E499008C9A4A /* Projeto-ToDoList */,
				B60E83B727F9E499008C9A4A /* Products */,
			);
			sourceTree = "<group>";
		};
		B60E83B727F9E499008C9A4A /* Products */ = {
			isa = PBXGroup;
			children = (
				B60E83B627F9E499008C9A4A /* Projeto-ToDoList.app */,
			);
			name = Products;
			sourceTree = "<group>";
		};
		B60E83B827F9E499008C9A4A /* Projeto-ToDoList */ = {
			isa = PBXGroup;
			children = (
				B60E83D027F9E4B3008C9A4A /* Sources */,
				B60E83B927F9E499008C9A4A /* AppDelegate.swift */,
				B60E83BB27F9E499008C9A4A /* SceneDelegate.swift */,
				B60E83BF27F9E499008C9A4A /* Main.storyboard */,
				B60E83C227F9E49A008C9A4A /* Assets.xcassets */,
				B60E83C427F9E49A008C9A4A /* LaunchScreen.storyboard */,
				B60E83C727F9E49A008C9A4A /* Info.plist */,
			);
			path = "Projeto-ToDoList";
			sourceTree = "<group>";
		};
		B60E83CD27F9E49E008C9A4A /* Model */ = {
			isa = PBXGroup;
			children = (
				B66B243A27FB19A400777889 /* Task.swift */,
			);
			path = Model;
			sourceTree = "<group>";
		};
		B60E83CE27F9E4A4008C9A4A /* View */ = {
			isa = PBXGroup;
			children = (
				B60E83E527FA4BFE008C9A4A /* Cell */,
				B60E83DD27F9EEC4008C9A4A /* CreateTask.storyboard */,
			);
			path = View;
			sourceTree = "<group>";
		};
		B60E83CF27F9E4A8008C9A4A /* Controller */ = {
			isa = PBXGroup;
			children = (
				B60E83DF27FA46B4008C9A4A /* InitialViewController.swift */,
				B60E83E127FA46E6008C9A4A /* ListTaskViewController.swift */,
				B60E83E327FA474C008C9A4A /* EditListTableController.swift */,
			);
			path = Controller;
			sourceTree = "<group>";
		};
		B60E83D027F9E4B3008C9A4A /* Sources */ = {
			isa = PBXGroup;
			children = (
				B66B243C27FB1B7500777889 /* Support */,
				B60E83F127FA5ED2008C9A4A /* Extensions */,
				B60E83EC27FA548F008C9A4A /* Components */,
				B60E83CF27F9E4A8008C9A4A /* Controller */,
				B60E83CE27F9E4A4008C9A4A /* View */,
				B60E83CD27F9E49E008C9A4A /* Model */,
			);
			path = Sources;
			sourceTree = "<group>";
		};
		B60E83E527FA4BFE008C9A4A /* Cell */ = {
			isa = PBXGroup;
			children = (
				B60E83E627FA4C52008C9A4A /* ClearTableViewCell.swift */,
				B60E83E727FA4C52008C9A4A /* ClearTableViewCell.xib */,
				B60E83EA27FA5072008C9A4A /* TaskTableCell.swift */,
			);
			path = Cell;
			sourceTree = "<group>";
		};
		B60E83EC27FA548F008C9A4A /* Components */ = {
			isa = PBXGroup;
			children = (
				B60E83ED27FA54A7008C9A4A /* TimePicker.storyboard */,
				B60E83EF27FA54C8008C9A4A /* TimePickerController.swift */,
			);
			path = Components;
			sourceTree = "<group>";
		};
		B60E83F127FA5ED2008C9A4A /* Extensions */ = {
			isa = PBXGroup;
			children = (
				B60E83F227FA5EEF008C9A4A /* Date.swift */,
			);
			path = Extensions;
			sourceTree = "<group>";
		};
		B66B243C27FB1B7500777889 /* Support */ = {
			isa = PBXGroup;
			children = (
				B66B243D27FB1BB000777889 /* TaskDefaultHelper.swift */,
			);
			path = Support;
			sourceTree = "<group>";
		};
/* End PBXGroup section */

/* Begin PBXNativeTarget section */
		B60E83B527F9E499008C9A4A /* Projeto-ToDoList */ = {
			isa = PBXNativeTarget;
			buildConfigurationList = B60E83CA27F9E49A008C9A4A /* Build configuration list for PBXNativeTarget "Projeto-ToDoList" */;
			buildPhases = (
				B60E83B227F9E499008C9A4A /* Sources */,
				B60E83B327F9E499008C9A4A /* Frameworks */,
				B60E83B427F9E499008C9A4A /* Resources */,
			);
			buildRules = (
			);
			dependencies = (
			);
			name = "Projeto-ToDoList";
			packageProductDependencies = (
				B60E83D227F9E682008C9A4A /* FSCalendar */,
			);
			productName = "Projeto-ToDoList";
			productReference = B60E83B627F9E499008C9A4A /* Projeto-ToDoList.app */;
			productType = "com.apple.product-type.application";
		};
/* End PBXNativeTarget section */

/* Begin PBXProject section */
		B60E83AE27F9E499008C9A4A /* Project object */ = {
			isa = PBXProject;
			attributes = {
				BuildIndependentTargetsInParallel = 1;
				LastSwiftUpdateCheck = 1330;
				LastUpgradeCheck = 1330;
				TargetAttributes = {
					B60E83B527F9E499008C9A4A = {
						CreatedOnToolsVersion = 13.3;
					};
				};
			};
			buildConfigurationList = B60E83B127F9E499008C9A4A /* Build configuration list for PBXProject "Projeto-ToDoList" */;
			compatibilityVersion = "Xcode 13.0";
			developmentRegion = en;
			hasScannedForEncodings = 0;
			knownRegions = (
				en,
				Base,
			);
			mainGroup = B60E83AD27F9E499008C9A4A;
			packageReferences = (
				B60E83D127F9E682008C9A4A /* XCRemoteSwiftPackageReference "FSCalendar" */,
			);
			productRefGroup = B60E83B727F9E499008C9A4A /* Products */;
			projectDirPath = "";
			projectRoot = "";
			targets = (
				B60E83B527F9E499008C9A4A /* Projeto-ToDoList */,
			);
		};
/* End PBXProject section */

/* Begin PBXResourcesBuildPhase section */
		B60E83B427F9E499008C9A4A /* Resources */ = {
			isa = PBXResourcesBuildPhase;
			buildActionMask = 2147483647;
			files = (
				B60E83E927FA4C52008C9A4A /* ClearTableViewCell.xib in Resources */,
				B60E83C627F9E49A008C9A4A /* LaunchScreen.storyboard in Resources */,
				B60E83C327F9E49A008C9A4A /* Assets.xcassets in Resources */,
				B60E83C127F9E499008C9A4A /* Main.storyboard in Resources */,
				B60E83DE27F9EEC4008C9A4A /* CreateTask.storyboard in Resources */,
				B60E83EE27FA54A7008C9A4A /* TimePicker.storyboard in Resources */,
			);
			runOnlyForDeploymentPostprocessing = 0;
		};
/* End PBXResourcesBuildPhase section */

/* Begin PBXSourcesBuildPhase section */
		B60E83B227F9E499008C9A4A /* Sources */ = {
			isa = PBXSourcesBuildPhase;
			buildActionMask = 2147483647;
			files = (
				B60E83BA27F9E499008C9A4A /* AppDelegate.swift in Sources */,
				B60E83BC27F9E499008C9A4A /* SceneDelegate.swift in Sources */,
				B66B243B27FB19A400777889 /* Task.swift in Sources */,
				B60E83E227FA46E6008C9A4A /* ListTaskViewController.swift in Sources */,
				B60E83EB27FA5072008C9A4A /* TaskTableCell.swift in Sources */,
				B60E83E827FA4C52008C9A4A /* ClearTableViewCell.swift in Sources */,
				B60E83E427FA474C008C9A4A /* EditListTableController.swift in Sources */,
				B60E83F027FA54C8008C9A4A /* TimePickerController.swift in Sources */,
				B66B243E27FB1BB000777889 /* TaskDefaultHelper.swift in Sources */,
				B60E83F327FA5EEF008C9A4A /* Date.swift in Sources */,
				B60E83E027FA46B4008C9A4A /* InitialViewController.swift in Sources */,
			);
			runOnlyForDeploymentPostprocessing = 0;
		};
/* End PBXSourcesBuildPhase section */

/* Begin PBXVariantGroup section */
		B60E83BF27F9E499008C9A4A /* Main.storyboard */ = {
			isa = PBXVariantGroup;
			children = (
				B60E83C027F9E499008C9A4A /* Base */,
			);
			name = Main.storyboard;
			sourceTree = "<group>";
		};
		B60E83C427F9E49A008C9A4A /* LaunchScreen.storyboard */ = {
			isa = PBXVariantGroup;
			children = (
				B60E83C527F9E49A008C9A4A /* Base */,
			);
			name = LaunchScreen.storyboard;
			sourceTree = "<group>";
		};
/* End PBXVariantGroup section */

/* Begin XCBuildConfiguration section */
		B60E83C827F9E49A008C9A4A /* Debug */ = {
			isa = XCBuildConfiguration;
			buildSettings = {
				ALWAYS_SEARCH_USER_PATHS = NO;
				CLANG_ANALYZER_NONNULL = YES;
				CLANG_ANALYZER_NUMBER_OBJECT_CONVERSION = YES_AGGRESSIVE;
				CLANG_CXX_LANGUAGE_STANDARD = "gnu++17";
				CLANG_ENABLE_MODULES = YES;
				CLANG_ENABLE_OBJC_ARC = YES;
				CLANG_ENABLE_OBJC_WEAK = YES;
				CLANG_WARN_BLOCK_CAPTURE_AUTORELEASING = YES;
				CLANG_WARN_BOOL_CONVERSION = YES;
				CLANG_WARN_COMMA = YES;
				CLANG_WARN_CONSTANT_CONVERSION = YES;
				CLANG_WARN_DEPRECATED_OBJC_IMPLEMENTATIONS = YES;
				CLANG_WARN_DIRECT_OBJC_ISA_USAGE = YES_ERROR;
				CLANG_WARN_DOCUMENTATION_COMMENTS = YES;
				CLANG_WARN_EMPTY_BODY = YES;
				CLANG_WARN_ENUM_CONVERSION = YES;
				CLANG_WARN_INFINITE_RECURSION = YES;
				CLANG_WARN_INT_CONVERSION = YES;
				CLANG_WARN_NON_LITERAL_NULL_CONVERSION = YES;
				CLANG_WARN_OBJC_IMPLICIT_RETAIN_SELF = YES;
				CLANG_WARN_OBJC_LITERAL_CONVERSION = YES;
				CLANG_WARN_OBJC_ROOT_CLASS = YES_ERROR;
				CLANG_WARN_QUOTED_INCLUDE_IN_FRAMEWORK_HEADER = YES;
				CLANG_WARN_RANGE_LOOP_ANALYSIS = YES;
				CLANG_WARN_STRICT_PROTOTYPES = YES;
				CLANG_WARN_SUSPICIOUS_MOVE = YES;
				CLANG_WARN_UNGUARDED_AVAILABILITY = YES_AGGRESSIVE;
				CLANG_WARN_UNREACHABLE_CODE = YES;
				CLANG_WARN__DUPLICATE_METHOD_MATCH = YES;
				COPY_PHASE_STRIP = NO;
				DEBUG_INFORMATION_FORMAT = dwarf;
				ENABLE_STRICT_OBJC_MSGSEND = YES;
				ENABLE_TESTABILITY = YES;
				GCC_C_LANGUAGE_STANDARD = gnu11;
				GCC_DYNAMIC_NO_PIC = NO;
				GCC_NO_COMMON_BLOCKS = YES;
				GCC_OPTIMIZATION_LEVEL = 0;
				GCC_PREPROCESSOR_DEFINITIONS = (
					"DEBUG=1",
					"$(inherited)",
				);
				GCC_WARN_64_TO_32_BIT_CONVERSION = YES;
				GCC_WARN_ABOUT_RETURN_TYPE = YES_ERROR;
				GCC_WARN_UNDECLARED_SELECTOR = YES;
				GCC_WARN_UNINITIALIZED_AUTOS = YES_AGGRESSIVE;
				GCC_WARN_UNUSED_FUNCTION = YES;
				GCC_WARN_UNUSED_VARIABLE = YES;
				IPHONEOS_DEPLOYMENT_TARGET = 15.4;
				MTL_ENABLE_DEBUG_INFO = INCLUDE_SOURCE;
				MTL_FAST_MATH = YES;
				ONLY_ACTIVE_ARCH = YES;
				SDKROOT = iphoneos;
				SWIFT_ACTIVE_COMPILATION_CONDITIONS = DEBUG;
				SWIFT_OPTIMIZATION_LEVEL = "-Onone";
			};
			name = Debug;
		};
		B60E83C927F9E49A008C9A4A /* Release */ = {
			isa = XCBuildConfiguration;
			buildSettings = {
				ALWAYS_SEARCH_USER_PATHS = NO;
				CLANG_ANALYZER_NONNULL = YES;
				CLANG_ANALYZER_NUMBER_OBJECT_CONVERSION = YES_AGGRESSIVE;
				CLANG_CXX_LANGUAGE_STANDARD = "gnu++17";
				CLANG_ENABLE_MODULES = YES;
				CLANG_ENABLE_OBJC_ARC = YES;
				CLANG_ENABLE_OBJC_WEAK = YES;
				CLANG_WARN_BLOCK_CAPTURE_AUTORELEASING = YES;
				CLANG_WARN_BOOL_CONVERSION = YES;
				CLANG_WARN_COMMA = YES;
				CLANG_WARN_CONSTANT_CONVERSION = YES;
				CLANG_WARN_DEPRECATED_OBJC_IMPLEMENTATIONS = YES;
				CLANG_WARN_DIRECT_OBJC_ISA_USAGE = YES_ERROR;
				CLANG_WARN_DOCUMENTATION_COMMENTS = YES;
				CLANG_WARN_EMPTY_BODY = YES;
				CLANG_WARN_ENUM_CONVERSION = YES;
				CLANG_WARN_INFINITE_RECURSION = YES;
				CLANG_WARN_INT_CONVERSION = YES;
				CLANG_WARN_NON_LITERAL_NULL_CONVERSION = YES;
				CLANG_WARN_OBJC_IMPLICIT_RETAIN_SELF = YES;
				CLANG_WARN_OBJC_LITERAL_CONVERSION = YES;
				CLANG_WARN_OBJC_ROOT_CLASS = YES_ERROR;
				CLANG_WARN_QUOTED_INCLUDE_IN_FRAMEWORK_HEADER = YES;
				CLANG_WARN_RANGE_LOOP_ANALYSIS = YES;
				CLANG_WARN_STRICT_PROTOTYPES = YES;
				CLANG_WARN_SUSPICIOUS_MOVE = YES;
				CLANG_WARN_UNGUARDED_AVAILABILITY = YES_AGGRESSIVE;
				CLANG_WARN_UNREACHABLE_CODE = YES;
				CLANG_WARN__DUPLICATE_METHOD_MATCH = YES;
				COPY_PHASE_STRIP = NO;
				DEBUG_INFORMATION_FORMAT = "dwarf-with-dsym";
				ENABLE_NS_ASSERTIONS = NO;
				ENABLE_STRICT_OBJC_MSGSEND = YES;
				GCC_C_LANGUAGE_STANDARD = gnu11;
				GCC_NO_COMMON_BLOCKS = YES;
				GCC_WARN_64_TO_32_BIT_CONVERSION = YES;
				GCC_WARN_ABOUT_RETURN_TYPE = YES_ERROR;
				GCC_WARN_UNDECLARED_SELECTOR = YES;
				GCC_WARN_UNINITIALIZED_AUTOS = YES_AGGRESSIVE;
				GCC_WARN_UNUSED_FUNCTION = YES;
				GCC_WARN_UNUSED_VARIABLE = YES;
				IPHONEOS_DEPLOYMENT_TARGET = 15.4;
				MTL_ENABLE_DEBUG_INFO = NO;
				MTL_FAST_MATH = YES;
				SDKROOT = iphoneos;
				SWIFT_COMPILATION_MODE = wholemodule;
				SWIFT_OPTIMIZATION_LEVEL = "-O";
				VALIDATE_PRODUCT = YES;
			};
			name = Release;
		};
		B60E83CB27F9E49A008C9A4A /* Debug */ = {
			isa = XCBuildConfiguration;
			buildSettings = {
				ASSETCATALOG_COMPILER_APPICON_NAME = AppIcon;
				ASSETCATALOG_COMPILER_GLOBAL_ACCENT_COLOR_NAME = AccentColor;
				CODE_SIGN_STYLE = Automatic;
				CURRENT_PROJECT_VERSION = 1;
				GENERATE_INFOPLIST_FILE = YES;
				INFOPLIST_FILE = "Projeto-ToDoList/Info.plist";
				INFOPLIST_KEY_UIApplicationSupportsIndirectInputEvents = YES;
				INFOPLIST_KEY_UILaunchStoryboardName = LaunchScreen;
				INFOPLIST_KEY_UIMainStoryboardFile = Main;
				INFOPLIST_KEY_UISupportedInterfaceOrientations = UIInterfaceOrientationPortrait;
				INFOPLIST_KEY_UISupportedInterfaceOrientations_iPad = "UIInterfaceOrientationPortrait UIInterfaceOrientationPortraitUpsideDown UIInterfaceOrientationLandscapeLeft UIInterfaceOrientationLandscapeRight";
				INFOPLIST_KEY_UISupportedInterfaceOrientations_iPhone = "UIInterfaceOrientationPortrait UIInterfaceOrientationLandscapeLeft UIInterfaceOrientationLandscapeRight";
				LD_RUNPATH_SEARCH_PATHS = (
					"$(inherited)",
					"@executable_path/Frameworks",
				);
				MARKETING_VERSION = 1.0;
				PRODUCT_BUNDLE_IDENTIFIER = "com.projetotodo.Projeto-ToDoList";
				PRODUCT_NAME = "$(TARGET_NAME)";
				SWIFT_EMIT_LOC_STRINGS = YES;
				SWIFT_VERSION = 5.0;
				TARGETED_DEVICE_FAMILY = 1;
			};
			name = Debug;
		};
		B60E83CC27F9E49A008C9A4A /* Release */ = {
			isa = XCBuildConfiguration;
			buildSettings = {
				ASSETCATALOG_COMPILER_APPICON_NAME = AppIcon;
				ASSETCATALOG_COMPILER_GLOBAL_ACCENT_COLOR_NAME = AccentColor;
				CODE_SIGN_STYLE = Automatic;
				CURRENT_PROJECT_VERSION = 1;
				GENERATE_INFOPLIST_FILE = YES;
				INFOPLIST_FILE = "Projeto-ToDoList/Info.plist";
				INFOPLIST_KEY_UIApplicationSupportsIndirectInputEvents = YES;
				INFOPLIST_KEY_UILaunchStoryboardName = LaunchScreen;
				INFOPLIST_KEY_UIMainStoryboardFile = Main;
				INFOPLIST_KEY_UISupportedInterfaceOrientations = UIInterfaceOrientationPortrait;
				INFOPLIST_KEY_UISupportedInterfaceOrientations_iPad = "UIInterfaceOrientationPortrait UIInterfaceOrientationPortraitUpsideDown UIInterfaceOrientationLandscapeLeft UIInterfaceOrientationLandscapeRight";
				INFOPLIST_KEY_UISupportedInterfaceOrientations_iPhone = "UIInterfaceOrientationPortrait UIInterfaceOrientationLandscapeLeft UIInterfaceOrientationLandscapeRight";
				LD_RUNPATH_SEARCH_PATHS = (
					"$(inherited)",
					"@executable_path/Frameworks",
				);
				MARKETING_VERSION = 1.0;
				PRODUCT_BUNDLE_IDENTIFIER = "com.projetotodo.Projeto-ToDoList";
				PRODUCT_NAME = "$(TARGET_NAME)";
				SWIFT_EMIT_LOC_STRINGS = YES;
				SWIFT_VERSION = 5.0;
				TARGETED_DEVICE_FAMILY = 1;
			};
			name = Release;
		};
/* End XCBuildConfiguration section */

/* Begin XCConfigurationList section */
		B60E83B127F9E499008C9A4A /* Build configuration list for PBXProject "Projeto-ToDoList" */ = {
			isa = XCConfigurationList;
			buildConfigurations = (
				B60E83C827F9E49A008C9A4A /* Debug */,
				B60E83C927F9E49A008C9A4A /* Release */,
			);
			defaultConfigurationIsVisible = 0;
			defaultConfigurationName = Release;
		};
		B60E83CA27F9E49A008C9A4A /* Build configuration list for PBXNativeTarget "Projeto-ToDoList" */ = {
			isa = XCConfigurationList;
			buildConfigurations = (
				B60E83CB27F9E49A008C9A4A /* Debug */,
				B60E83CC27F9E49A008C9A4A /* Release */,
			);
			defaultConfigurationIsVisible = 0;
			defaultConfigurationName = Release;
		};
/* End XCConfigurationList section */

/* Begin XCRemoteSwiftPackageReference section */
		B60E83D127F9E682008C9A4A /* XCRemoteSwiftPackageReference "FSCalendar" */ = {
			isa = XCRemoteSwiftPackageReference;
			repositoryURL = "https://github.com/WenchaoD/FSCalendar.git";
			requirement = {
				kind = upToNextMajorVersion;
				minimumVersion = 2.0.0;
			};
		};
/* End XCRemoteSwiftPackageReference section */

/* Begin XCSwiftPackageProductDependency section */
		B60E83D227F9E682008C9A4A /* FSCalendar */ = {
			isa = XCSwiftPackageProductDependency;
			package = B60E83D127F9E682008C9A4A /* XCRemoteSwiftPackageReference "FSCalendar" */;
			productName = FSCalendar;
		};
/* End XCSwiftPackageProductDependency section */
	};
	rootObject = B60E83AE27F9E499008C9A4A /* Project object */;
}
